%{"calliope": {:hex, :calliope, "0.3.0"},
  "certifi": {:hex, :certifi, "0.3.0"},
  "cowboy": {:hex, :cowboy, "1.0.4"},
  "cowlib": {:hex, :cowlib, "1.0.2"},
  "hackney": {:hex, :hackney, "1.4.10"},
  "httpoison": {:hex, :httpoison, "0.8.1"},
  "httpotion": {:hex, :httpotion, "2.2.2"},
  "ibrowse": {:hex, :ibrowse, "4.2.2"},
  "idna": {:hex, :idna, "1.1.0"},
  "mimerl": {:hex, :mimerl, "1.0.2"},
  "plug": {:hex, :plug, "1.1.2"},
  "plug_heartbeat": {:hex, :plug_heartbeat, "0.2.0"},
  "poison": {:hex, :poison, "2.1.0"},
  "ranch": {:hex, :ranch, "1.2.1"},
  "shouldi": {:hex, :shouldi, "0.3.0"},
  "ssl_verify_hostname": {:hex, :ssl_verify_hostname, "1.0.5"},
  "trot": {:git, "https://github.com/hexedpackets/trot.git", "38a2c53cec98b40d71b3f6d1006d24ed07f9f76f", []}}
