%{"bbmustache": {:hex, :bbmustache, "1.0.4"},
  "bunt": {:hex, :bunt, "0.1.6"},
  "calliope": {:hex, :calliope, "0.3.0"},
  "certifi": {:hex, :certifi, "0.3.0"},
  "cf": {:hex, :cf, "0.2.1"},
  "conform": {:hex, :conform, "2.0.0"},
  "conform_exrm": {:hex, :conform_exrm, "1.0.0"},
  "cowboy": {:hex, :cowboy, "1.0.4"},
  "cowlib": {:hex, :cowlib, "1.0.2"},
  "credo": {:hex, :credo, "0.4.9"},
  "erlware_commons": {:hex, :erlware_commons, "0.19.0"},
  "exrm": {:hex, :exrm, "1.0.2"},
  "getopt": {:hex, :getopt, "0.8.2"},
  "hackney": {:hex, :hackney, "1.4.10"},
  "httpoison": {:hex, :httpoison, "0.8.1"},
  "httpotion": {:hex, :httpotion, "2.2.2"},
  "ibrowse": {:hex, :ibrowse, "4.2.2"},
  "idna": {:hex, :idna, "1.1.0"},
  "logger_file_backend": {:hex, :logger_file_backend, "0.0.6"},
  "mimerl": {:hex, :mimerl, "1.0.2"},
  "neotoma": {:hex, :neotoma, "1.7.3"},
  "plug": {:hex, :plug, "1.1.2"},
  "plug_heartbeat": {:hex, :plug_heartbeat, "0.2.0"},
  "poison": {:hex, :poison, "2.1.0"},
  "providers": {:hex, :providers, "1.6.0"},
  "ranch": {:hex, :ranch, "1.2.1"},
  "relx": {:hex, :relx, "3.18.0"},
  "shouldi": {:hex, :shouldi, "0.3.0"},
  "ssl_verify_hostname": {:hex, :ssl_verify_hostname, "1.0.5"},
  "trot": {:git, "https://github.com/hexedpackets/trot.git", "38a2c53cec98b40d71b3f6d1006d24ed07f9f76f", []}}
